<?xml version="1.0" encoding="utf-8"?>
<Project ToolsVersion="4.0" xmlns="http://schemas.microsoft.com/developer/msbuild/2003">
  <ItemGroup>
    <Filter Include="Source Files">
      <UniqueIdentifier>{4FC737F1-C7A5-4376-A066-2A32D752A2FF}</UniqueIdentifier>
      <Extensions>cpp;c;cc;cxx;def;odl;idl;hpj;bat;asm;asmx</Extensions>
    </Filter>
    <Filter Include="Header Files">
      <UniqueIdentifier>{93995380-89BD-4b04-88EB-625FBE52EBFB}</UniqueIdentifier>
      <Extensions>h;hh;hpp;hxx;hm;inl;inc;xsd</Extensions>
    </Filter>
    <Filter Include="Resource Files">
      <UniqueIdentifier>{67DA6AB6-F800-4c08-8B7A-83BB121AAD01}</UniqueIdentifier>
      <Extensions>rc;ico;cur;bmp;dlg;rc2;rct;bin;rgs;gif;jpg;jpeg;jpe;resx;tiff;tif;png;wav;mfcribbon-ms</Extensions>
    </Filter>
    <Filter Include="Source Files\L">
      <UniqueIdentifier>{8c80f82f-70cf-42bf-9933-fb348351f55c}</UniqueIdentifier>
    </Filter>
    <Filter Include="Header Files\L">
      <UniqueIdentifier>{39ff51e4-4dda-411f-9d26-b73b16991509}</UniqueIdentifier>
    </Filter>
    <Filter Include="Source Files\GL">
      <UniqueIdentifier>{3598271b-1912-48b6-9485-488b425ce1ea}</UniqueIdentifier>
    </Filter>
    <Filter Include="Header Files\GL">
      <UniqueIdentifier>{a8881003-08ec-42f7-ab34-028b4540a356}</UniqueIdentifier>
    </Filter>
    <Filter Include="Header Files\SDL">
      <UniqueIdentifier>{cb6499cc-039d-4cc0-8b87-556e00945732}</UniqueIdentifier>
    </Filter>
    <Filter Include="Source Files\SDL">
      <UniqueIdentifier>{62150055-e85b-47fe-b50d-5ba4dac6eb71}</UniqueIdentifier>
    </Filter>
    <Filter Include="Header Files\R">
      <UniqueIdentifier>{accceb1a-1c2d-41c4-b8e7-82568d537a18}</UniqueIdentifier>
    </Filter>
    <Filter Include="Source Files\R">
      <UniqueIdentifier>{8fe8a696-fe3d-469b-a825-974eeff211f0}</UniqueIdentifier>
    </Filter>
  </ItemGroup>
  <ItemGroup>
    <ClCompile Include="LTexture.cpp">
      <Filter>Source Files\L</Filter>
    </ClCompile>
    <ClCompile Include="GLTexture.cpp">
      <Filter>Source Files\GL</Filter>
    </ClCompile>
    <ClCompile Include="SDL_Application.cpp">
      <Filter>Source Files\SDL</Filter>
    </ClCompile>
    <ClCompile Include="SDL_Activity.cpp">
      <Filter>Source Files\SDL</Filter>
    </ClCompile>
    <ClCompile Include="SDL_Application_Window.cpp">
      <Filter>Source Files\SDL</Filter>
    </ClCompile>
    <ClCompile Include="SDL_Utils.cpp">
      <Filter>Source Files\SDL</Filter>
    </ClCompile>
    <ClCompile Include="GLObject.cpp">
      <Filter>Source Files\GL</Filter>
    </ClCompile>
    <ClCompile Include="GLShader.cpp">
      <Filter>Source Files\GL</Filter>
    </ClCompile>
    <ClCompile Include="GLVertexBufferObject.cpp">
      <Filter>Source Files\GL</Filter>
    </ClCompile>
    <ClCompile Include="GLFrameBufferObject.cpp">
      <Filter>Source Files\GL</Filter>
    </ClCompile>
    <ClCompile Include="Mouse.cpp">
      <Filter>Source Files\R</Filter>
    </ClCompile>
    <ClCompile Include="Crypto.cpp">
      <Filter>Source Files\R</Filter>
    </ClCompile>
    <ClCompile Include="Keyboard.cpp">
      <Filter>Source Files\R</Filter>
    </ClCompile>
    <ClCompile Include="Properties.pb.cc">
      <Filter>Source Files\R</Filter>
    </ClCompile>
    <ClCompile Include="BooleanBitArray.cpp">
      <Filter>Source Files\R</Filter>
    </ClCompile>
    <ClCompile Include="Logger.cpp">
      <Filter>Source Files\R</Filter>
    </ClCompile>
  </ItemGroup>
  <ItemGroup>
    <ClInclude Include="LTexture.h">
      <Filter>Header Files\L</Filter>
    </ClInclude>
    <ClInclude Include="GLTexture.h">
      <Filter>Header Files\GL</Filter>
    </ClInclude>
    <ClInclude Include="SDL_Activity.h">
      <Filter>Header Files\SDL</Filter>
    </ClInclude>
    <ClInclude Include="SDL_Application.h">
      <Filter>Header Files\SDL</Filter>
    </ClInclude>
    <ClInclude Include="SDL_Application_Window.h">
      <Filter>Header Files\SDL</Filter>
    </ClInclude>
    <ClInclude Include="GLObject.h">
      <Filter>Header Files\GL</Filter>
    </ClInclude>
    <ClInclude Include="GLShader.h">
      <Filter>Header Files\GL</Filter>
    </ClInclude>
    <ClInclude Include="SDL_Utils.h">
      <Filter>Header Files\SDL</Filter>
    </ClInclude>
    <ClInclude Include="GLVertexBufferObject.h">
      <Filter>Header Files\GL</Filter>
    </ClInclude>
    <ClInclude Include="GLFrameBufferObject.h">
      <Filter>Header Files\GL</Filter>
    </ClInclude>
    <ClInclude Include="Mouse.h">
      <Filter>Header Files\R</Filter>
    </ClInclude>
    <ClInclude Include="Crypto.h">
      <Filter>Header Files\R</Filter>
    </ClInclude>
    <ClInclude Include="Keyboard.h">
      <Filter>Header Files\R</Filter>
    </ClInclude>
    <ClInclude Include="Properties.pb.h">
      <Filter>Header Files\R</Filter>
    </ClInclude>
    <ClInclude Include="resource.h">
      <Filter>Header Files</Filter>
    </ClInclude>
    <ClInclude Include="BooleanBitArray.h">
      <Filter>Header Files\R</Filter>
    </ClInclude>
    <ClInclude Include="MemoryPool.h">
      <Filter>Header Files\R</Filter>
    </ClInclude>
    <ClInclude Include="Logger.h">
      <Filter>Header Files\R</Filter>
    </ClInclude>
  </ItemGroup>
  <ItemGroup>
    <ResourceCompile Include="SDL2_Application.rc">
      <Filter>Resource Files</Filter>
    </ResourceCompile>
  </ItemGroup>
</Project>